
Microsoft Visual Studio Solution File, Format Version 12.00
# Visual Studio Version 16
VisualStudioVersion = 16.0.30717.126
MinimumVisualStudioVersion = 10.0.40219.1
Project("{FAE04EC0-301F-11D3-BF4B-00C04F79EFBC}") = "IPCamera", "IPCamera.csproj", "{2B19CCBD-2884-4C3A-9E76-C39CB676D2A4}"
EndProject
Global
	GlobalSection(SolutionConfigurationPlatforms) = preSolution
		Debug|Any CPU = Debug|Any CPU
		Release|Any CPU = Release|Any CPU
	EndGlobalSection
	GlobalSection(ProjectConfigurationPlatforms) = postSolution
		{2B19CCBD-2884-4C3A-9E76-C39CB676D2A4}.Debug|Any CPU.ActiveCfg = Debug|Any CPU
		{2B19CCBD-2884-4C3A-9E76-C39CB676D2A4}.Debug|Any CPU.Build.0 = Debug|Any CPU
		{2B19CCBD-2884-4C3A-9E76-C39CB676D2A4}.Release|Any CPU.ActiveCfg = Release|Any CPU
		{2B19CCBD-2884-4C3A-9E76-C39CB676D2A4}.Release|Any CPU.Build.0 = Release|Any CPU
	EndGlobalSection
	GlobalSection(SolutionProperties) = preSolution
		HideSolutionNode = FALSE
	EndGlobalSection
	GlobalSection(ExtensibilityGlobals) = postSolution
		SolutionGuid = {FB2E6CD1-40AD-4A76-B457-0948E9CAB8DD}
	EndGlobalSection
EndGlobal
